{
    "name": "@swey/cloudinary-connector",
    "version": "2.1.0",
    "lockfileVersion": 1,
    "requires": true,
    "dependencies": {
        "@typescript-eslint/eslint-plugin": {
            "version": "1.7.0",
            "resolved": "https://registry.npmjs.org/@typescript-eslint/eslint-plugin/-/eslint-plugin-1.7.0.tgz",
            "integrity": "sha512-NUSz1aTlIzzTjFFVFyzrbo8oFjHg3K/M9MzYByqbMCxeFdErhLAcGITVfXzSz+Yvp5OOpMu3HkIttB0NyKl54Q==",
            "dev": true,
            "requires": {
                "@typescript-eslint/parser": "1.7.0",
                "@typescript-eslint/typescript-estree": "1.7.0",
                "eslint-utils": "^1.3.1",
                "regexpp": "^2.0.1",
                "requireindex": "^1.2.0",
                "tsutils": "^3.7.0"
            }
        },
        "@typescript-eslint/parser": {
            "version": "1.7.0",
            "resolved": "https://registry.npmjs.org/@typescript-eslint/parser/-/parser-1.7.0.tgz",
            "integrity": "sha512-1QFKxs2V940372srm12ovSE683afqc1jB6zF/f8iKhgLz1yoSjYeGHipasao33VXKI+0a/ob9okeogGdKGvvlg==",
            "dev": true,
            "requires": {
                "@typescript-eslint/typescript-estree": "1.7.0",
                "eslint-scope": "^4.0.0",
                "eslint-visitor-keys": "^1.0.0"
            }
        },
        "@typescript-eslint/typescript-estree": {
            "version": "1.7.0",
            "resolved": "https://registry.npmjs.org/@typescript-eslint/typescript-estree/-/typescript-estree-1.7.0.tgz",
            "integrity": "sha512-K5uedUxVmlYrVkFbyV3htDipvLqTE3QMOUQEHYJaKtgzxj6r7c5Ca/DG1tGgFxX+fsbi9nDIrf4arq7Ib7H/Yw==",
            "dev": true,
            "requires": {
                "lodash.unescape": "4.0.1",
                "semver": "5.5.0"
            }
        },
        "axios": {
            "version": "0.18.0",
            "resolved": "https://registry.npmjs.org/axios/-/axios-0.18.0.tgz",
            "integrity": "sha1-MtU+SFHv3AoRmTts0AB4nXDAUQI=",
            "requires": {
                "follow-redirects": "^1.3.0",
                "is-buffer": "^1.1.5"
            }
        },
        "cloudinary": {
            "version": "1.11.0",
            "resolved": "https://registry.npmjs.org/cloudinary/-/cloudinary-1.11.0.tgz",
            "integrity": "sha512-U5j9aWaYrSteboC7KcFZhvWy734d60CrrEUHVMpCtKhEWxpxXyVSe4Ag1BnRaVVq0YOvlJpXe6Qt6hAcb+h1lg==",
            "requires": {
                "lodash": "^4.17.4",
                "q": "^1.5.1"
            }
        },
        "cloudinary-core": {
            "version": "2.6.3",
            "resolved": "https://registry.npmjs.org/cloudinary-core/-/cloudinary-core-2.6.3.tgz",
            "integrity": "sha512-0oEUn1eTuJzLxNdm0OsnAadGN6nMFOVqq+n7dgy6VBP8pGwc5TLkZ8MAHvik03Cv7+JH0tykwkSvYzM7rWY43g=="
        },
        "debug": {
            "version": "3.2.6",
            "resolved": "https://registry.npmjs.org/debug/-/debug-3.2.6.tgz",
            "integrity": "sha512-mel+jf7nrtEl5Pn1Qx46zARXKDpBbvzezse7p7LqINmdoIk8PYP5SySaxEmYv6TZ0JyEKA1hsCId6DIhgITtWQ==",
            "requires": {
                "ms": "^2.1.1"
            }
        },
        "eslint-scope": {
            "version": "4.0.3",
            "resolved": "https://registry.npmjs.org/eslint-scope/-/eslint-scope-4.0.3.tgz",
            "integrity": "sha512-p7VutNr1O/QrxysMo3E45FjYDTeXBy0iTltPFNSqKAIfjDSXC+4dj+qfyuD8bfAXrW/y6lW3O76VaYNPKfpKrg==",
            "dev": true,
            "requires": {
                "esrecurse": "^4.1.0",
                "estraverse": "^4.1.1"
            }
        },
        "eslint-utils": {
            "version": "1.3.1",
            "resolved": "https://registry.npmjs.org/eslint-utils/-/eslint-utils-1.3.1.tgz",
            "integrity": "sha512-Z7YjnIldX+2XMcjr7ZkgEsOj/bREONV60qYeB/bjMAqqqZ4zxKyWX+BOUkdmRmA9riiIPVvo5x86m5elviOk0Q==",
            "dev": true
        },
        "eslint-visitor-keys": {
            "version": "1.0.0",
            "resolved": "https://registry.npmjs.org/eslint-visitor-keys/-/eslint-visitor-keys-1.0.0.tgz",
            "integrity": "sha512-qzm/XxIbxm/FHyH341ZrbnMUpe+5Bocte9xkmFMzPMjRaZMcXww+MpBptFvtU+79L362nqiLhekCxCxDPaUMBQ==",
            "dev": true
        },
        "esrecurse": {
            "version": "4.2.1",
            "resolved": "https://registry.npmjs.org/esrecurse/-/esrecurse-4.2.1.tgz",
            "integrity": "sha512-64RBB++fIOAXPw3P9cy89qfMlvZEXZkqqJkjqqXIvzP5ezRZjW+lPWjw35UX/3EhUPFYbg5ER4JYgDw4007/DQ==",
            "dev": true,
            "requires": {
                "estraverse": "^4.1.0"
            }
        },
        "estraverse": {
            "version": "4.2.0",
            "resolved": "https://registry.npmjs.org/estraverse/-/estraverse-4.2.0.tgz",
            "integrity": "sha1-De4/7TH81GlhjOc0IJn8GvoL2xM=",
            "dev": true
        },
        "follow-redirects": {
            "version": "1.7.0",
            "resolved": "https://registry.npmjs.org/follow-redirects/-/follow-redirects-1.7.0.tgz",
            "integrity": "sha512-m/pZQy4Gj287eNy94nivy5wchN3Kp+Q5WgUPNy5lJSZ3sgkVKSYV/ZChMAQVIgx1SqfZ2zBZtPA2YlXIWxxJOQ==",
            "requires": {
                "debug": "^3.2.6"
            }
        },
        "is-buffer": {
            "version": "1.1.6",
            "resolved": "https://registry.npmjs.org/is-buffer/-/is-buffer-1.1.6.tgz",
            "integrity": "sha512-NcdALwpXkTm5Zvvbk7owOUSvVvBKDgKP5/ewfXEznmQFfs4ZRmanOeKBTjRVjka3QFoN6XJ+9F3USqfHqTaU5w=="
        },
        "lodash": {
            "version": "4.17.11",
            "resolved": "https://registry.npmjs.org/lodash/-/lodash-4.17.11.tgz",
            "integrity": "sha512-cQKh8igo5QUhZ7lg38DYWAxMvjSAKG0A8wGSVimP07SIUEK2UO+arSRKbRZWtelMtN5V0Hkwh5ryOto/SshYIg=="
        },
        "lodash.unescape": {
            "version": "4.0.1",
            "resolved": "https://registry.npmjs.org/lodash.unescape/-/lodash.unescape-4.0.1.tgz",
            "integrity": "sha1-vyJJiGzlFM2hEvrpIYzcBlIR/Jw=",
            "dev": true
        },
        "ms": {
            "version": "2.1.1",
            "resolved": "https://registry.npmjs.org/ms/-/ms-2.1.1.tgz",
            "integrity": "sha512-tgp+dl5cGk28utYktBsrFqA7HKgrhgPsg6Z/EfhWI4gl1Hwq8B/GmY/0oXZ6nF8hDVesS/FpnYaD/kOWhYQvyg=="
        },
        "q": {
            "version": "1.5.1",
            "resolved": "https://registry.npmjs.org/q/-/q-1.5.1.tgz",
            "integrity": "sha1-fjL3W0E4EpHQRhHxvxQQmsAGUdc="
        },
        "regexpp": {
            "version": "2.0.1",
            "resolved": "https://registry.npmjs.org/regexpp/-/regexpp-2.0.1.tgz",
            "integrity": "sha512-lv0M6+TkDVniA3aD1Eg0DVpfU/booSu7Eev3TDO/mZKHBfVjgCGTV4t4buppESEYDtkArYFOxTJWv6S5C+iaNw==",
            "dev": true
        },
        "requireindex": {
            "version": "1.2.0",
            "resolved": "https://registry.npmjs.org/requireindex/-/requireindex-1.2.0.tgz",
            "integrity": "sha512-L9jEkOi3ASd9PYit2cwRfyppc9NoABujTP8/5gFcbERmo5jUoAKovIC3fsF17pkTnGsrByysqX+Kxd2OTNI1ww==",
            "dev": true
        },
        "semver": {
            "version": "5.5.0",
            "resolved": "https://registry.npmjs.org/semver/-/semver-5.5.0.tgz",
            "integrity": "sha512-4SJ3dm0WAwWy/NVeioZh5AntkdJoWKxHxcmyP622fOkgHa4z3R0TdBJICINyaSDE6uNwVc8gZr+ZinwZAH4xIA==",
            "dev": true
        },
        "tslib": {
            "version": "1.9.3",
            "resolved": "https://registry.npmjs.org/tslib/-/tslib-1.9.3.tgz",
            "integrity": "sha512-4krF8scpejhaOgqzBEcGM7yDIEfi0/8+8zDRZhNZZ2kjmHJ4hv3zCbQWxoJGz1iw5U0Jl0nma13xzHXcncMavQ==",
            "dev": true
        },
        "tsutils": {
            "version": "3.10.0",
            "resolved": "https://registry.npmjs.org/tsutils/-/tsutils-3.10.0.tgz",
            "integrity": "sha512-q20XSMq7jutbGB8luhKKsQldRKWvyBO2BGqni3p4yq8Ys9bEP/xQw3KepKmMRt9gJ4lvQSScrihJrcKdKoSU7Q==",
            "dev": true,
            "requires": {
                "tslib": "^1.8.1"
            }
        },
        "typescript": {
            "version": "3.4.3",
            "resolved": "https://registry.npmjs.org/typescript/-/typescript-3.4.3.tgz",
            "integrity": "sha512-FFgHdPt4T/duxx6Ndf7hwgMZZjZpB+U0nMNGVCYPq0rEzWKjEDobm4J6yb3CS7naZ0yURFqdw9Gwc7UOh/P9oQ==",
            "dev": true
        }
    }
}
